
Microsoft Visual Studio Solution File, Format Version 12.00
# Visual Studio Version 17
VisualStudioVersion = 17.0.31903.59
MinimumVisualStudioVersion = 10.0.40219.1
Project("{9A19103F-16F7-4668-BE54-9A1E7A4F7556}") = "LionCbdShop.AdminRazorPages", "LionCbdShop.AdminRazorPages\LionCbdShop.AdminRazorPages.csproj", "{7151043D-C73A-4D4C-920D-BBFBC8773A80}"
EndProject
Project("{9A19103F-16F7-4668-BE54-9A1E7A4F7556}") = "LionCbdShop.Api", "LionCbdShop.Api\LionCbdShop.Api.csproj", "{F6A089B2-8C95-44DB-B610-89CB1D9D7E9A}"
EndProject
Project("{9A19103F-16F7-4668-BE54-9A1E7A4F7556}") = "LionCbdShop.Persistence", "LionCbdShop.Persistence\LionCbdShop.Persistence.csproj", "{4C8C81CE-30C0-423C-AB51-ABF250695FA8}"
EndProject
Project("{9A19103F-16F7-4668-BE54-9A1E7A4F7556}") = "LionCbdShop.Domain", "LionCbdShop.Domain\LionCbdShop.Domain.csproj", "{0CC316F4-E179-4762-A5B4-0CA57B372934}"
EndProject
Project("{9A19103F-16F7-4668-BE54-9A1E7A4F7556}") = "LionCbdShop.TelegramBot", "LionCbdShop.TelegramBot\LionCbdShop.TelegramBot.csproj", "{10D5EC8D-6F44-4278-8EC4-01CC5DEF4C7D}"
EndProject
Project("{2150E333-8FDC-42A3-9474-1A3956D46DE8}") = "Solution Items", "Solution Items", "{288E74BE-608E-4F1F-9D92-EC65E8414D61}"
	ProjectSection(SolutionItems) = preProject
		.editorconfig = .editorconfig
	EndProjectSection
EndProject
Global
	GlobalSection(SolutionConfigurationPlatforms) = preSolution
		Debug|Any CPU = Debug|Any CPU
		Release|Any CPU = Release|Any CPU
	EndGlobalSection
	GlobalSection(ProjectConfigurationPlatforms) = postSolution
		{7151043D-C73A-4D4C-920D-BBFBC8773A80}.Debug|Any CPU.ActiveCfg = Debug|Any CPU
		{7151043D-C73A-4D4C-920D-BBFBC8773A80}.Debug|Any CPU.Build.0 = Debug|Any CPU
		{7151043D-C73A-4D4C-920D-BBFBC8773A80}.Release|Any CPU.ActiveCfg = Release|Any CPU
		{7151043D-C73A-4D4C-920D-BBFBC8773A80}.Release|Any CPU.Build.0 = Release|Any CPU
		{F6A089B2-8C95-44DB-B610-89CB1D9D7E9A}.Debug|Any CPU.ActiveCfg = Debug|Any CPU
		{F6A089B2-8C95-44DB-B610-89CB1D9D7E9A}.Debug|Any CPU.Build.0 = Debug|Any CPU
		{F6A089B2-8C95-44DB-B610-89CB1D9D7E9A}.Release|Any CPU.ActiveCfg = Release|Any CPU
		{F6A089B2-8C95-44DB-B610-89CB1D9D7E9A}.Release|Any CPU.Build.0 = Release|Any CPU
		{4C8C81CE-30C0-423C-AB51-ABF250695FA8}.Debug|Any CPU.ActiveCfg = Debug|Any CPU
		{4C8C81CE-30C0-423C-AB51-ABF250695FA8}.Debug|Any CPU.Build.0 = Debug|Any CPU
		{4C8C81CE-30C0-423C-AB51-ABF250695FA8}.Release|Any CPU.ActiveCfg = Release|Any CPU
		{4C8C81CE-30C0-423C-AB51-ABF250695FA8}.Release|Any CPU.Build.0 = Release|Any CPU
		{0CC316F4-E179-4762-A5B4-0CA57B372934}.Debug|Any CPU.ActiveCfg = Debug|Any CPU
		{0CC316F4-E179-4762-A5B4-0CA57B372934}.Debug|Any CPU.Build.0 = Debug|Any CPU
		{0CC316F4-E179-4762-A5B4-0CA57B372934}.Release|Any CPU.ActiveCfg = Release|Any CPU
		{0CC316F4-E179-4762-A5B4-0CA57B372934}.Release|Any CPU.Build.0 = Release|Any CPU
		{10D5EC8D-6F44-4278-8EC4-01CC5DEF4C7D}.Debug|Any CPU.ActiveCfg = Debug|Any CPU
		{10D5EC8D-6F44-4278-8EC4-01CC5DEF4C7D}.Debug|Any CPU.Build.0 = Debug|Any CPU
		{10D5EC8D-6F44-4278-8EC4-01CC5DEF4C7D}.Release|Any CPU.ActiveCfg = Release|Any CPU
		{10D5EC8D-6F44-4278-8EC4-01CC5DEF4C7D}.Release|Any CPU.Build.0 = Release|Any CPU
	EndGlobalSection
	GlobalSection(SolutionProperties) = preSolution
		HideSolutionNode = FALSE
	EndGlobalSection
	GlobalSection(ExtensibilityGlobals) = postSolution
		SolutionGuid = {8DB9F022-5B65-459E-A3B6-0DF22F6AADD8}
	EndGlobalSection
EndGlobal
